// !$*UTF8*$!
{
	archiveVersion = 1;
	classes = {
	};
	objectVersion = 55;
	objects = {

/* Begin PBXBuildFile section */
		8A031F57275261C10014D43C /* LetterCollectionViewCell.swift in Sources */ = {isa = PBXBuildFile; fileRef = 8A031F56275261C10014D43C /* LetterCollectionViewCell.swift */; };
		8A031F59275267EB0014D43C /* NumbersViewController.swift in Sources */ = {isa = PBXBuildFile; fileRef = 8A031F58275267EB0014D43C /* NumbersViewController.swift */; };
		8A031F5B275268550014D43C /* NumberCollectionViewCell.swift in Sources */ = {isa = PBXBuildFile; fileRef = 8A031F5A275268550014D43C /* NumberCollectionViewCell.swift */; };
		8A3521F527533497007DFFC1 /* CallViewController.swift in Sources */ = {isa = PBXBuildFile; fileRef = 8A3521F427533497007DFFC1 /* CallViewController.swift */; };
		8A3521F727533586007DFFC1 /* CallCollectionViewCell.swift in Sources */ = {isa = PBXBuildFile; fileRef = 8A3521F627533586007DFFC1 /* CallCollectionViewCell.swift */; };
		8A3521FA275336BB007DFFC1 /* Contact.swift in Sources */ = {isa = PBXBuildFile; fileRef = 8A3521F9275336BB007DFFC1 /* Contact.swift */; };
		8ACD5B0D27525D890068AB70 /* AppDelegate.swift in Sources */ = {isa = PBXBuildFile; fileRef = 8ACD5B0C27525D890068AB70 /* AppDelegate.swift */; };
		8ACD5B0F27525D890068AB70 /* SceneDelegate.swift in Sources */ = {isa = PBXBuildFile; fileRef = 8ACD5B0E27525D890068AB70 /* SceneDelegate.swift */; };
		8ACD5B1127525D890068AB70 /* ViewController.swift in Sources */ = {isa = PBXBuildFile; fileRef = 8ACD5B1027525D890068AB70 /* ViewController.swift */; };
		8ACD5B1427525D890068AB70 /* Main.storyboard in Resources */ = {isa = PBXBuildFile; fileRef = 8ACD5B1227525D890068AB70 /* Main.storyboard */; };
		8ACD5B1627525D8B0068AB70 /* Assets.xcassets in Resources */ = {isa = PBXBuildFile; fileRef = 8ACD5B1527525D8B0068AB70 /* Assets.xcassets */; };
		8ACD5B1927525D8B0068AB70 /* LaunchScreen.storyboard in Resources */ = {isa = PBXBuildFile; fileRef = 8ACD5B1727525D8B0068AB70 /* LaunchScreen.storyboard */; };
		8ACD5B2427525D8C0068AB70 /* Lucas_LearningTests.swift in Sources */ = {isa = PBXBuildFile; fileRef = 8ACD5B2327525D8C0068AB70 /* Lucas_LearningTests.swift */; };
		8ACD5B2E27525D8C0068AB70 /* Lucas_LearningUITests.swift in Sources */ = {isa = PBXBuildFile; fileRef = 8ACD5B2D27525D8C0068AB70 /* Lucas_LearningUITests.swift */; };
		8ACD5B3027525D8C0068AB70 /* Lucas_LearningUITestsLaunchTests.swift in Sources */ = {isa = PBXBuildFile; fileRef = 8ACD5B2F27525D8C0068AB70 /* Lucas_LearningUITestsLaunchTests.swift */; };
		8ACD5B3E27525FC30068AB70 /* AlphabetViewController.swift in Sources */ = {isa = PBXBuildFile; fileRef = 8ACD5B3D27525FC30068AB70 /* AlphabetViewController.swift */; };
		8ACD5B4027525FDE0068AB70 /* HomeViewController.swift in Sources */ = {isa = PBXBuildFile; fileRef = 8ACD5B3F27525FDE0068AB70 /* HomeViewController.swift */; };
/* End PBXBuildFile section */

/* Begin PBXContainerItemProxy section */
		8ACD5B2027525D8C0068AB70 /* PBXContainerItemProxy */ = {
			isa = PBXContainerItemProxy;
			containerPortal = 8ACD5B0127525D890068AB70 /* Project object */;
			proxyType = 1;
			remoteGlobalIDString = 8ACD5B0827525D890068AB70;
			remoteInfo = "Lucas Learning";
		};
		8ACD5B2A27525D8C0068AB70 /* PBXContainerItemProxy */ = {
			isa = PBXContainerItemProxy;
			containerPortal = 8ACD5B0127525D890068AB70 /* Project object */;
			proxyType = 1;
			remoteGlobalIDString = 8ACD5B0827525D890068AB70;
			remoteInfo = "Lucas Learning";
		};
/* End PBXContainerItemProxy section */

/* Begin PBXFileReference section */
		8A031F56275261C10014D43C /* LetterCollectionViewCell.swift */ = {isa = PBXFileReference; lastKnownFileType = sourcecode.swift; path = LetterCollectionViewCell.swift; sourceTree = "<group>"; };
		8A031F58275267EB0014D43C /* NumbersViewController.swift */ = {isa = PBXFileReference; lastKnownFileType = sourcecode.swift; path = NumbersViewController.swift; sourceTree = "<group>"; };
		8A031F5A275268550014D43C /* NumberCollectionViewCell.swift */ = {isa = PBXFileReference; lastKnownFileType = sourcecode.swift; path = NumberCollectionViewCell.swift; sourceTree = "<group>"; };
		8A3521F427533497007DFFC1 /* CallViewController.swift */ = {isa = PBXFileReference; lastKnownFileType = sourcecode.swift; path = CallViewController.swift; sourceTree = "<group>"; };
		8A3521F627533586007DFFC1 /* CallCollectionViewCell.swift */ = {isa = PBXFileReference; lastKnownFileType = sourcecode.swift; path = CallCollectionViewCell.swift; sourceTree = "<group>"; };
		8A3521F9275336BB007DFFC1 /* Contact.swift */ = {isa = PBXFileReference; lastKnownFileType = sourcecode.swift; path = Contact.swift; sourceTree = "<group>"; };
		8ACD5B0927525D890068AB70 /* Lucas Learning.app */ = {isa = PBXFileReference; explicitFileType = wrapper.application; includeInIndex = 0; path = "Lucas Learning.app"; sourceTree = BUILT_PRODUCTS_DIR; };
		8ACD5B0C27525D890068AB70 /* AppDelegate.swift */ = {isa = PBXFileReference; lastKnownFileType = sourcecode.swift; path = AppDelegate.swift; sourceTree = "<group>"; };
		8ACD5B0E27525D890068AB70 /* SceneDelegate.swift */ = {isa = PBXFileReference; lastKnownFileType = sourcecode.swift; path = SceneDelegate.swift; sourceTree = "<group>"; };
		8ACD5B1027525D890068AB70 /* ViewController.swift */ = {isa = PBXFileReference; lastKnownFileType = sourcecode.swift; path = ViewController.swift; sourceTree = "<group>"; };
		8ACD5B1327525D890068AB70 /* Base */ = {isa = PBXFileReference; lastKnownFileType = file.storyboard; name = Base; path = Base.lproj/Main.storyboard; sourceTree = "<group>"; };
		8ACD5B1527525D8B0068AB70 /* Assets.xcassets */ = {isa = PBXFileReference; lastKnownFileType = folder.assetcatalog; path = Assets.xcassets; sourceTree = "<group>"; };
		8ACD5B1827525D8B0068AB70 /* Base */ = {isa = PBXFileReference; lastKnownFileType = file.storyboard; name = Base; path = Base.lproj/LaunchScreen.storyboard; sourceTree = "<group>"; };
		8ACD5B1A27525D8B0068AB70 /* Info.plist */ = {isa = PBXFileReference; lastKnownFileType = text.plist.xml; path = Info.plist; sourceTree = "<group>"; };
		8ACD5B1F27525D8C0068AB70 /* Lucas LearningTests.xctest */ = {isa = PBXFileReference; explicitFileType = wrapper.cfbundle; includeInIndex = 0; path = "Lucas LearningTests.xctest"; sourceTree = BUILT_PRODUCTS_DIR; };
		8ACD5B2327525D8C0068AB70 /* Lucas_LearningTests.swift */ = {isa = PBXFileReference; lastKnownFileType = sourcecode.swift; path = Lucas_LearningTests.swift; sourceTree = "<group>"; };
		8ACD5B2927525D8C0068AB70 /* Lucas LearningUITests.xctest */ = {isa = PBXFileReference; explicitFileType = wrapper.cfbundle; includeInIndex = 0; path = "Lucas LearningUITests.xctest"; sourceTree = BUILT_PRODUCTS_DIR; };
		8ACD5B2D27525D8C0068AB70 /* Lucas_LearningUITests.swift */ = {isa = PBXFileReference; lastKnownFileType = sourcecode.swift; path = Lucas_LearningUITests.swift; sourceTree = "<group>"; };
		8ACD5B2F27525D8C0068AB70 /* Lucas_LearningUITestsLaunchTests.swift */ = {isa = PBXFileReference; lastKnownFileType = sourcecode.swift; path = Lucas_LearningUITestsLaunchTests.swift; sourceTree = "<group>"; };
		8ACD5B3D27525FC30068AB70 /* AlphabetViewController.swift */ = {isa = PBXFileReference; lastKnownFileType = sourcecode.swift; path = AlphabetViewController.swift; sourceTree = "<group>"; };
		8ACD5B3F27525FDE0068AB70 /* HomeViewController.swift */ = {isa = PBXFileReference; lastKnownFileType = sourcecode.swift; path = HomeViewController.swift; sourceTree = "<group>"; };
/* End PBXFileReference section */

/* Begin PBXFrameworksBuildPhase section */
		8ACD5B0627525D890068AB70 /* Frameworks */ = {
			isa = PBXFrameworksBuildPhase;
			buildActionMask = 2147483647;
			files = (
			);
			runOnlyForDeploymentPostprocessing = 0;
		};
		8ACD5B1C27525D8C0068AB70 /* Frameworks */ = {
			isa = PBXFrameworksBuildPhase;
			buildActionMask = 2147483647;
			files = (
			);
			runOnlyForDeploymentPostprocessing = 0;
		};
		8ACD5B2627525D8C0068AB70 /* Frameworks */ = {
			isa = PBXFrameworksBuildPhase;
			buildActionMask = 2147483647;
			files = (
			);
			runOnlyForDeploymentPostprocessing = 0;
		};
/* End PBXFrameworksBuildPhase section */

/* Begin PBXGroup section */
		8A031F55275261A80014D43C /* Customs */ = {
			isa = PBXGroup;
			children = (
				8A031F56275261C10014D43C /* LetterCollectionViewCell.swift */,
				8A031F5A275268550014D43C /* NumberCollectionViewCell.swift */,
				8A3521F627533586007DFFC1 /* CallCollectionViewCell.swift */,
			);
			path = Customs;
			sourceTree = "<group>";
		};
		8A3521F82753365A007DFFC1 /* Models */ = {
			isa = PBXGroup;
			children = (
				8A3521F9275336BB007DFFC1 /* Contact.swift */,
			);
			path = Models;
			sourceTree = "<group>";
		};
		8ACD5B0027525D890068AB70 = {
			isa = PBXGroup;
			children = (
				8ACD5B0B27525D890068AB70 /* Lucas Learning */,
				8ACD5B2227525D8C0068AB70 /* Lucas LearningTests */,
				8ACD5B2C27525D8C0068AB70 /* Lucas LearningUITests */,
				8ACD5B0A27525D890068AB70 /* Products */,
			);
			sourceTree = "<group>";
		};
		8ACD5B0A27525D890068AB70 /* Products */ = {
			isa = PBXGroup;
			children = (
				8ACD5B0927525D890068AB70 /* Lucas Learning.app */,
				8ACD5B1F27525D8C0068AB70 /* Lucas LearningTests.xctest */,
				8ACD5B2927525D8C0068AB70 /* Lucas LearningUITests.xctest */,
			);
			name = Products;
			sourceTree = "<group>";
		};
		8ACD5B0B27525D890068AB70 /* Lucas Learning */ = {
			isa = PBXGroup;
			children = (
				8A3521F82753365A007DFFC1 /* Models */,
				8A031F55275261A80014D43C /* Customs */,
				8ACD5B3C27525E4C0068AB70 /* View Controllers */,
				8ACD5B0C27525D890068AB70 /* AppDelegate.swift */,
				8ACD5B0E27525D890068AB70 /* SceneDelegate.swift */,
				8ACD5B1027525D890068AB70 /* ViewController.swift */,
				8ACD5B1227525D890068AB70 /* Main.storyboard */,
				8ACD5B1527525D8B0068AB70 /* Assets.xcassets */,
				8ACD5B1727525D8B0068AB70 /* LaunchScreen.storyboard */,
				8ACD5B1A27525D8B0068AB70 /* Info.plist */,
			);
			path = "Lucas Learning";
			sourceTree = "<group>";
		};
		8ACD5B2227525D8C0068AB70 /* Lucas LearningTests */ = {
			isa = PBXGroup;
			children = (
				8ACD5B2327525D8C0068AB70 /* Lucas_LearningTests.swift */,
			);
			path = "Lucas LearningTests";
			sourceTree = "<group>";
		};
		8ACD5B2C27525D8C0068AB70 /* Lucas LearningUITests */ = {
			isa = PBXGroup;
			children = (
				8ACD5B2D27525D8C0068AB70 /* Lucas_LearningUITests.swift */,
				8ACD5B2F27525D8C0068AB70 /* Lucas_LearningUITestsLaunchTests.swift */,
			);
			path = "Lucas LearningUITests";
			sourceTree = "<group>";
		};
		8ACD5B3C27525E4C0068AB70 /* View Controllers */ = {
			isa = PBXGroup;
			children = (
				8ACD5B3D27525FC30068AB70 /* AlphabetViewController.swift */,
				8ACD5B3F27525FDE0068AB70 /* HomeViewController.swift */,
				8A031F58275267EB0014D43C /* NumbersViewController.swift */,
				8A3521F427533497007DFFC1 /* CallViewController.swift */,
			);
			path = "View Controllers";
			sourceTree = "<group>";
		};
/* End PBXGroup section */

/* Begin PBXNativeTarget section */
		8ACD5B0827525D890068AB70 /* Lucas Learning */ = {
			isa = PBXNativeTarget;
			buildConfigurationList = 8ACD5B3327525D8C0068AB70 /* Build configuration list for PBXNativeTarget "Lucas Learning" */;
			buildPhases = (
				8ACD5B0527525D890068AB70 /* Sources */,
				8ACD5B0627525D890068AB70 /* Frameworks */,
				8ACD5B0727525D890068AB70 /* Resources */,
			);
			buildRules = (
			);
			dependencies = (
			);
			name = "Lucas Learning";
			productName = "Lucas Learning";
			productReference = 8ACD5B0927525D890068AB70 /* Lucas Learning.app */;
			productType = "com.apple.product-type.application";
		};
		8ACD5B1E27525D8C0068AB70 /* Lucas LearningTests */ = {
			isa = PBXNativeTarget;
			buildConfigurationList = 8ACD5B3627525D8C0068AB70 /* Build configuration list for PBXNativeTarget "Lucas LearningTests" */;
			buildPhases = (
				8ACD5B1B27525D8C0068AB70 /* Sources */,
				8ACD5B1C27525D8C0068AB70 /* Frameworks */,
				8ACD5B1D27525D8C0068AB70 /* Resources */,
			);
			buildRules = (
			);
			dependencies = (
				8ACD5B2127525D8C0068AB70 /* PBXTargetDependency */,
			);
			name = "Lucas LearningTests";
			productName = "Lucas LearningTests";
			productReference = 8ACD5B1F27525D8C0068AB70 /* Lucas LearningTests.xctest */;
			productType = "com.apple.product-type.bundle.unit-test";
		};
		8ACD5B2827525D8C0068AB70 /* Lucas LearningUITests */ = {
			isa = PBXNativeTarget;
			buildConfigurationList = 8ACD5B3927525D8C0068AB70 /* Build configuration list for PBXNativeTarget "Lucas LearningUITests" */;
			buildPhases = (
				8ACD5B2527525D8C0068AB70 /* Sources */,
				8ACD5B2627525D8C0068AB70 /* Frameworks */,
				8ACD5B2727525D8C0068AB70 /* Resources */,
			);
			buildRules = (
			);
			dependencies = (
				8ACD5B2B27525D8C0068AB70 /* PBXTargetDependency */,
			);
			name = "Lucas LearningUITests";
			productName = "Lucas LearningUITests";
			productReference = 8ACD5B2927525D8C0068AB70 /* Lucas LearningUITests.xctest */;
			productType = "com.apple.product-type.bundle.ui-testing";
		};
/* End PBXNativeTarget section */

/* Begin PBXProject section */
		8ACD5B0127525D890068AB70 /* Project object */ = {
			isa = PBXProject;
			attributes = {
				BuildIndependentTargetsInParallel = 1;
				LastSwiftUpdateCheck = 1310;
				LastUpgradeCheck = 1310;
				TargetAttributes = {
					8ACD5B0827525D890068AB70 = {
						CreatedOnToolsVersion = 13.1;
					};
					8ACD5B1E27525D8C0068AB70 = {
						CreatedOnToolsVersion = 13.1;
						TestTargetID = 8ACD5B0827525D890068AB70;
					};
					8ACD5B2827525D8C0068AB70 = {
						CreatedOnToolsVersion = 13.1;
						TestTargetID = 8ACD5B0827525D890068AB70;
					};
				};
			};
			buildConfigurationList = 8ACD5B0427525D890068AB70 /* Build configuration list for PBXProject "Lucas Learning" */;
			compatibilityVersion = "Xcode 13.0";
			developmentRegion = en;
			hasScannedForEncodings = 0;
			knownRegions = (
				en,
				Base,
			);
			mainGroup = 8ACD5B0027525D890068AB70;
			productRefGroup = 8ACD5B0A27525D890068AB70 /* Products */;
			projectDirPath = "";
			projectRoot = "";
			targets = (
				8ACD5B0827525D890068AB70 /* Lucas Learning */,
				8ACD5B1E27525D8C0068AB70 /* Lucas LearningTests */,
				8ACD5B2827525D8C0068AB70 /* Lucas LearningUITests */,
			);
		};
/* End PBXProject section */

/* Begin PBXResourcesBuildPhase section */
		8ACD5B0727525D890068AB70 /* Resources */ = {
			isa = PBXResourcesBuildPhase;
			buildActionMask = 2147483647;
			files = (
				8ACD5B1927525D8B0068AB70 /* LaunchScreen.storyboard in Resources */,
				8ACD5B1627525D8B0068AB70 /* Assets.xcassets in Resources */,
				8ACD5B1427525D890068AB70 /* Main.storyboard in Resources */,
			);
			runOnlyForDeploymentPostprocessing = 0;
		};
		8ACD5B1D27525D8C0068AB70 /* Resources */ = {
			isa = PBXResourcesBuildPhase;
			buildActionMask = 2147483647;
			files = (
			);
			runOnlyForDeploymentPostprocessing = 0;
		};
		8ACD5B2727525D8C0068AB70 /* Resources */ = {
			isa = PBXResourcesBuildPhase;
			buildActionMask = 2147483647;
			files = (
			);
			runOnlyForDeploymentPostprocessing = 0;
		};
/* End PBXResourcesBuildPhase section */

/* Begin PBXSourcesBuildPhase section */
		8ACD5B0527525D890068AB70 /* Sources */ = {
			isa = PBXSourcesBuildPhase;
			buildActionMask = 2147483647;
			files = (
				8A3521F727533586007DFFC1 /* CallCollectionViewCell.swift in Sources */,
				8ACD5B4027525FDE0068AB70 /* HomeViewController.swift in Sources */,
				8A031F5B275268550014D43C /* NumberCollectionViewCell.swift in Sources */,
				8ACD5B1127525D890068AB70 /* ViewController.swift in Sources */,
				8A3521F527533497007DFFC1 /* CallViewController.swift in Sources */,
				8A031F57275261C10014D43C /* LetterCollectionViewCell.swift in Sources */,
				8A3521FA275336BB007DFFC1 /* Contact.swift in Sources */,
				8ACD5B0D27525D890068AB70 /* AppDelegate.swift in Sources */,
				8A031F59275267EB0014D43C /* NumbersViewController.swift in Sources */,
				8ACD5B0F27525D890068AB70 /* SceneDelegate.swift in Sources */,
				8ACD5B3E27525FC30068AB70 /* AlphabetViewController.swift in Sources */,
			);
			runOnlyForDeploymentPostprocessing = 0;
		};
		8ACD5B1B27525D8C0068AB70 /* Sources */ = {
			isa = PBXSourcesBuildPhase;
			buildActionMask = 2147483647;
			files = (
				8ACD5B2427525D8C0068AB70 /* Lucas_LearningTests.swift in Sources */,
			);
			runOnlyForDeploymentPostprocessing = 0;
		};
		8ACD5B2527525D8C0068AB70 /* Sources */ = {
			isa = PBXSourcesBuildPhase;
			buildActionMask = 2147483647;
			files = (
				8ACD5B2E27525D8C0068AB70 /* Lucas_LearningUITests.swift in Sources */,
				8ACD5B3027525D8C0068AB70 /* Lucas_LearningUITestsLaunchTests.swift in Sources */,
			);
			runOnlyForDeploymentPostprocessing = 0;
		};
/* End PBXSourcesBuildPhase section */

/* Begin PBXTargetDependency section */
		8ACD5B2127525D8C0068AB70 /* PBXTargetDependency */ = {
			isa = PBXTargetDependency;
			target = 8ACD5B0827525D890068AB70 /* Lucas Learning */;
			targetProxy = 8ACD5B2027525D8C0068AB70 /* PBXContainerItemProxy */;
		};
		8ACD5B2B27525D8C0068AB70 /* PBXTargetDependency */ = {
			isa = PBXTargetDependency;
			target = 8ACD5B0827525D890068AB70 /* Lucas Learning */;
			targetProxy = 8ACD5B2A27525D8C0068AB70 /* PBXContainerItemProxy */;
		};
/* End PBXTargetDependency section */

/* Begin PBXVariantGroup section */
		8ACD5B1227525D890068AB70 /* Main.storyboard */ = {
			isa = PBXVariantGroup;
			children = (
				8ACD5B1327525D890068AB70 /* Base */,
			);
			name = Main.storyboard;
			sourceTree = "<group>";
		};
		8ACD5B1727525D8B0068AB70 /* LaunchScreen.storyboard */ = {
			isa = PBXVariantGroup;
			children = (
				8ACD5B1827525D8B0068AB70 /* Base */,
			);
			name = LaunchScreen.storyboard;
			sourceTree = "<group>";
		};
/* End PBXVariantGroup section */

/* Begin XCBuildConfiguration section */
		8ACD5B3127525D8C0068AB70 /* Debug */ = {
			isa = XCBuildConfiguration;
			buildSettings = {
				ALWAYS_SEARCH_USER_PATHS = NO;
				CLANG_ANALYZER_NONNULL = YES;
				CLANG_ANALYZER_NUMBER_OBJECT_CONVERSION = YES_AGGRESSIVE;
				CLANG_CXX_LANGUAGE_STANDARD = "gnu++17";
				CLANG_CXX_LIBRARY = "libc++";
				CLANG_ENABLE_MODULES = YES;
				CLANG_ENABLE_OBJC_ARC = YES;
				CLANG_ENABLE_OBJC_WEAK = YES;
				CLANG_WARN_BLOCK_CAPTURE_AUTORELEASING = YES;
				CLANG_WARN_BOOL_CONVERSION = YES;
				CLANG_WARN_COMMA = YES;
				CLANG_WARN_CONSTANT_CONVERSION = YES;
				CLANG_WARN_DEPRECATED_OBJC_IMPLEMENTATIONS = YES;
				CLANG_WARN_DIRECT_OBJC_ISA_USAGE = YES_ERROR;
				CLANG_WARN_DOCUMENTATION_COMMENTS = YES;
				CLANG_WARN_EMPTY_BODY = YES;
				CLANG_WARN_ENUM_CONVERSION = YES;
				CLANG_WARN_INFINITE_RECURSION = YES;
				CLANG_WARN_INT_CONVERSION = YES;
				CLANG_WARN_NON_LITERAL_NULL_CONVERSION = YES;
				CLANG_WARN_OBJC_IMPLICIT_RETAIN_SELF = YES;
				CLANG_WARN_OBJC_LITERAL_CONVERSION = YES;
				CLANG_WARN_OBJC_ROOT_CLASS = YES_ERROR;
				CLANG_WARN_QUOTED_INCLUDE_IN_FRAMEWORK_HEADER = YES;
				CLANG_WARN_RANGE_LOOP_ANALYSIS = YES;
				CLANG_WARN_STRICT_PROTOTYPES = YES;
				CLANG_WARN_SUSPICIOUS_MOVE = YES;
				CLANG_WARN_UNGUARDED_AVAILABILITY = YES_AGGRESSIVE;
				CLANG_WARN_UNREACHABLE_CODE = YES;
				CLANG_WARN__DUPLICATE_METHOD_MATCH = YES;
				COPY_PHASE_STRIP = NO;
				DEBUG_INFORMATION_FORMAT = dwarf;
				ENABLE_STRICT_OBJC_MSGSEND = YES;
				ENABLE_TESTABILITY = YES;
				GCC_C_LANGUAGE_STANDARD = gnu11;
				GCC_DYNAMIC_NO_PIC = NO;
				GCC_NO_COMMON_BLOCKS = YES;
				GCC_OPTIMIZATION_LEVEL = 0;
				GCC_PREPROCESSOR_DEFINITIONS = (
					"DEBUG=1",
					"$(inherited)",
				);
				GCC_WARN_64_TO_32_BIT_CONVERSION = YES;
				GCC_WARN_ABOUT_RETURN_TYPE = YES_ERROR;
				GCC_WARN_UNDECLARED_SELECTOR = YES;
				GCC_WARN_UNINITIALIZED_AUTOS = YES_AGGRESSIVE;
				GCC_WARN_UNUSED_FUNCTION = YES;
				GCC_WARN_UNUSED_VARIABLE = YES;
				IPHONEOS_DEPLOYMENT_TARGET = 15.0;
				MTL_ENABLE_DEBUG_INFO = INCLUDE_SOURCE;
				MTL_FAST_MATH = YES;
				ONLY_ACTIVE_ARCH = YES;
				SDKROOT = iphoneos;
				SWIFT_ACTIVE_COMPILATION_CONDITIONS = DEBUG;
				SWIFT_OPTIMIZATION_LEVEL = "-Onone";
			};
			name = Debug;
		};
		8ACD5B3227525D8C0068AB70 /* Release */ = {
			isa = XCBuildConfiguration;
			buildSettings = {
				ALWAYS_SEARCH_USER_PATHS = NO;
				CLANG_ANALYZER_NONNULL = YES;
				CLANG_ANALYZER_NUMBER_OBJECT_CONVERSION = YES_AGGRESSIVE;
				CLANG_CXX_LANGUAGE_STANDARD = "gnu++17";
				CLANG_CXX_LIBRARY = "libc++";
				CLANG_ENABLE_MODULES = YES;
				CLANG_ENABLE_OBJC_ARC = YES;
				CLANG_ENABLE_OBJC_WEAK = YES;
				CLANG_WARN_BLOCK_CAPTURE_AUTORELEASING = YES;
				CLANG_WARN_BOOL_CONVERSION = YES;
				CLANG_WARN_COMMA = YES;
				CLANG_WARN_CONSTANT_CONVERSION = YES;
				CLANG_WARN_DEPRECATED_OBJC_IMPLEMENTATIONS = YES;
				CLANG_WARN_DIRECT_OBJC_ISA_USAGE = YES_ERROR;
				CLANG_WARN_DOCUMENTATION_COMMENTS = YES;
				CLANG_WARN_EMPTY_BODY = YES;
				CLANG_WARN_ENUM_CONVERSION = YES;
				CLANG_WARN_INFINITE_RECURSION = YES;
				CLANG_WARN_INT_CONVERSION = YES;
				CLANG_WARN_NON_LITERAL_NULL_CONVERSION = YES;
				CLANG_WARN_OBJC_IMPLICIT_RETAIN_SELF = YES;
				CLANG_WARN_OBJC_LITERAL_CONVERSION = YES;
				CLANG_WARN_OBJC_ROOT_CLASS = YES_ERROR;
				CLANG_WARN_QUOTED_INCLUDE_IN_FRAMEWORK_HEADER = YES;
				CLANG_WARN_RANGE_LOOP_ANALYSIS = YES;
				CLANG_WARN_STRICT_PROTOTYPES = YES;
				CLANG_WARN_SUSPICIOUS_MOVE = YES;
				CLANG_WARN_UNGUARDED_AVAILABILITY = YES_AGGRESSIVE;
				CLANG_WARN_UNREACHABLE_CODE = YES;
				CLANG_WARN__DUPLICATE_METHOD_MATCH = YES;
				COPY_PHASE_STRIP = NO;
				DEBUG_INFORMATION_FORMAT = "dwarf-with-dsym";
				ENABLE_NS_ASSERTIONS = NO;
				ENABLE_STRICT_OBJC_MSGSEND = YES;
				GCC_C_LANGUAGE_STANDARD = gnu11;
				GCC_NO_COMMON_BLOCKS = YES;
				GCC_WARN_64_TO_32_BIT_CONVERSION = YES;
				GCC_WARN_ABOUT_RETURN_TYPE = YES_ERROR;
				GCC_WARN_UNDECLARED_SELECTOR = YES;
				GCC_WARN_UNINITIALIZED_AUTOS = YES_AGGRESSIVE;
				GCC_WARN_UNUSED_FUNCTION = YES;
				GCC_WARN_UNUSED_VARIABLE = YES;
				IPHONEOS_DEPLOYMENT_TARGET = 15.0;
				MTL_ENABLE_DEBUG_INFO = NO;
				MTL_FAST_MATH = YES;
				SDKROOT = iphoneos;
				SWIFT_COMPILATION_MODE = wholemodule;
				SWIFT_OPTIMIZATION_LEVEL = "-O";
				VALIDATE_PRODUCT = YES;
			};
			name = Release;
		};
		8ACD5B3427525D8C0068AB70 /* Debug */ = {
			isa = XCBuildConfiguration;
			buildSettings = {
				ASSETCATALOG_COMPILER_APPICON_NAME = AppIcon;
				ASSETCATALOG_COMPILER_GLOBAL_ACCENT_COLOR_NAME = AccentColor;
				CODE_SIGN_STYLE = Automatic;
				CURRENT_PROJECT_VERSION = 1;
				DEVELOPMENT_TEAM = ENJ8MS4EMS;
				GENERATE_INFOPLIST_FILE = YES;
				INFOPLIST_FILE = "Lucas Learning/Info.plist";
				INFOPLIST_KEY_UIApplicationSupportsIndirectInputEvents = YES;
				INFOPLIST_KEY_UILaunchStoryboardName = LaunchScreen;
				INFOPLIST_KEY_UIMainStoryboardFile = Main;
				INFOPLIST_KEY_UISupportedInterfaceOrientations = UIInterfaceOrientationPortrait;
				INFOPLIST_KEY_UISupportedInterfaceOrientations_iPad = "UIInterfaceOrientationPortrait UIInterfaceOrientationPortraitUpsideDown UIInterfaceOrientationLandscapeLeft UIInterfaceOrientationLandscapeRight";
				INFOPLIST_KEY_UISupportedInterfaceOrientations_iPhone = "UIInterfaceOrientationPortrait UIInterfaceOrientationLandscapeLeft UIInterfaceOrientationLandscapeRight";
				LD_RUNPATH_SEARCH_PATHS = (
					"$(inherited)",
					"@executable_path/Frameworks",
				);
				MARKETING_VERSION = 0.1;
				PRODUCT_BUNDLE_IDENTIFIER = "lwgmnz.me.Lucas-Learning";
				PRODUCT_NAME = "$(TARGET_NAME)";
				SWIFT_EMIT_LOC_STRINGS = YES;
				SWIFT_VERSION = 5.0;
				TARGETED_DEVICE_FAMILY = "1,2";
			};
			name = Debug;
		};
		8ACD5B3527525D8C0068AB70 /* Release */ = {
			isa = XCBuildConfiguration;
			buildSettings = {
				ASSETCATALOG_COMPILER_APPICON_NAME = AppIcon;
				ASSETCATALOG_COMPILER_GLOBAL_ACCENT_COLOR_NAME = AccentColor;
				CODE_SIGN_STYLE = Automatic;
				CURRENT_PROJECT_VERSION = 1;
				DEVELOPMENT_TEAM = ENJ8MS4EMS;
				GENERATE_INFOPLIST_FILE = YES;
				INFOPLIST_FILE = "Lucas Learning/Info.plist";
				INFOPLIST_KEY_UIApplicationSupportsIndirectInputEvents = YES;
				INFOPLIST_KEY_UILaunchStoryboardName = LaunchScreen;
				INFOPLIST_KEY_UIMainStoryboardFile = Main;
				INFOPLIST_KEY_UISupportedInterfaceOrientations = UIInterfaceOrientationPortrait;
				INFOPLIST_KEY_UISupportedInterfaceOrientations_iPad = "UIInterfaceOrientationPortrait UIInterfaceOrientationPortraitUpsideDown UIInterfaceOrientationLandscapeLeft UIInterfaceOrientationLandscapeRight";
				INFOPLIST_KEY_UISupportedInterfaceOrientations_iPhone = "UIInterfaceOrientationPortrait UIInterfaceOrientationLandscapeLeft UIInterfaceOrientationLandscapeRight";
				LD_RUNPATH_SEARCH_PATHS = (
					"$(inherited)",
					"@executable_path/Frameworks",
				);
				MARKETING_VERSION = 0.1;
				PRODUCT_BUNDLE_IDENTIFIER = "lwgmnz.me.Lucas-Learning";
				PRODUCT_NAME = "$(TARGET_NAME)";
				SWIFT_EMIT_LOC_STRINGS = YES;
				SWIFT_VERSION = 5.0;
				TARGETED_DEVICE_FAMILY = "1,2";
			};
			name = Release;
		};
		8ACD5B3727525D8C0068AB70 /* Debug */ = {
			isa = XCBuildConfiguration;
			buildSettings = {
				ALWAYS_EMBED_SWIFT_STANDARD_LIBRARIES = YES;
				BUNDLE_LOADER = "$(TEST_HOST)";
				CODE_SIGN_STYLE = Automatic;
				CURRENT_PROJECT_VERSION = 1;
				DEVELOPMENT_TEAM = ENJ8MS4EMS;
				GENERATE_INFOPLIST_FILE = YES;
				IPHONEOS_DEPLOYMENT_TARGET = 15.0;
				LD_RUNPATH_SEARCH_PATHS = (
					"$(inherited)",
					"@executable_path/Frameworks",
					"@loader_path/Frameworks",
				);
				MARKETING_VERSION = 1.0;
				PRODUCT_BUNDLE_IDENTIFIER = "lwgmnz.me.Lucas-LearningTests";
				PRODUCT_NAME = "$(TARGET_NAME)";
				SWIFT_EMIT_LOC_STRINGS = NO;
				SWIFT_VERSION = 5.0;
				TARGETED_DEVICE_FAMILY = "1,2";
				TEST_HOST = "$(BUILT_PRODUCTS_DIR)/Lucas Learning.app/Lucas Learning";
			};
			name = Debug;
		};
		8ACD5B3827525D8C0068AB70 /* Release */ = {
			isa = XCBuildConfiguration;
			buildSettings = {
				ALWAYS_EMBED_SWIFT_STANDARD_LIBRARIES = YES;
				BUNDLE_LOADER = "$(TEST_HOST)";
				CODE_SIGN_STYLE = Automatic;
				CURRENT_PROJECT_VERSION = 1;
				DEVELOPMENT_TEAM = ENJ8MS4EMS;
				GENERATE_INFOPLIST_FILE = YES;
				IPHONEOS_DEPLOYMENT_TARGET = 15.0;
				LD_RUNPATH_SEARCH_PATHS = (
					"$(inherited)",
					"@executable_path/Frameworks",
					"@loader_path/Frameworks",
				);
				MARKETING_VERSION = 1.0;
				PRODUCT_BUNDLE_IDENTIFIER = "lwgmnz.me.Lucas-LearningTests";
				PRODUCT_NAME = "$(TARGET_NAME)";
				SWIFT_EMIT_LOC_STRINGS = NO;
				SWIFT_VERSION = 5.0;
				TARGETED_DEVICE_FAMILY = "1,2";
				TEST_HOST = "$(BUILT_PRODUCTS_DIR)/Lucas Learning.app/Lucas Learning";
			};
			name = Release;
		};
		8ACD5B3A27525D8C0068AB70 /* Debug */ = {
			isa = XCBuildConfiguration;
			buildSettings = {
				ALWAYS_EMBED_SWIFT_STANDARD_LIBRARIES = YES;
				CODE_SIGN_STYLE = Automatic;
				CURRENT_PROJECT_VERSION = 1;
				DEVELOPMENT_TEAM = ENJ8MS4EMS;
				GENERATE_INFOPLIST_FILE = YES;
				LD_RUNPATH_SEARCH_PATHS = (
					"$(inherited)",
					"@executable_path/Frameworks",
					"@loader_path/Frameworks",
				);
				MARKETING_VERSION = 1.0;
				PRODUCT_BUNDLE_IDENTIFIER = "lwgmnz.me.Lucas-LearningUITests";
				PRODUCT_NAME = "$(TARGET_NAME)";
				SWIFT_EMIT_LOC_STRINGS = NO;
				SWIFT_VERSION = 5.0;
				TARGETED_DEVICE_FAMILY = "1,2";
				TEST_TARGET_NAME = "Lucas Learning";
			};
			name = Debug;
		};
		8ACD5B3B27525D8C0068AB70 /* Release */ = {
			isa = XCBuildConfiguration;
			buildSettings = {
				ALWAYS_EMBED_SWIFT_STANDARD_LIBRARIES = YES;
				CODE_SIGN_STYLE = Automatic;
				CURRENT_PROJECT_VERSION = 1;
				DEVELOPMENT_TEAM = ENJ8MS4EMS;
				GENERATE_INFOPLIST_FILE = YES;
				LD_RUNPATH_SEARCH_PATHS = (
					"$(inherited)",
					"@executable_path/Frameworks",
					"@loader_path/Frameworks",
				);
				MARKETING_VERSION = 1.0;
				PRODUCT_BUNDLE_IDENTIFIER = "lwgmnz.me.Lucas-LearningUITests";
				PRODUCT_NAME = "$(TARGET_NAME)";
				SWIFT_EMIT_LOC_STRINGS = NO;
				SWIFT_VERSION = 5.0;
				TARGETED_DEVICE_FAMILY = "1,2";
				TEST_TARGET_NAME = "Lucas Learning";
			};
			name = Release;
		};
/* End XCBuildConfiguration section */

/* Begin XCConfigurationList section */
		8ACD5B0427525D890068AB70 /* Build configuration list for PBXProject "Lucas Learning" */ = {
			isa = XCConfigurationList;
			buildConfigurations = (
				8ACD5B3127525D8C0068AB70 /* Debug */,
				8ACD5B3227525D8C0068AB70 /* Release */,
			);
			defaultConfigurationIsVisible = 0;
			defaultConfigurationName = Release;
		};
		8ACD5B3327525D8C0068AB70 /* Build configuration list for PBXNativeTarget "Lucas Learning" */ = {
			isa = XCConfigurationList;
			buildConfigurations = (
				8ACD5B3427525D8C0068AB70 /* Debug */,
				8ACD5B3527525D8C0068AB70 /* Release */,
			);
			defaultConfigurationIsVisible = 0;
			defaultConfigurationName = Release;
		};
		8ACD5B3627525D8C0068AB70 /* Build configuration list for PBXNativeTarget "Lucas LearningTests" */ = {
			isa = XCConfigurationList;
			buildConfigurations = (
				8ACD5B3727525D8C0068AB70 /* Debug */,
				8ACD5B3827525D8C0068AB70 /* Release */,
			);
			defaultConfigurationIsVisible = 0;
			defaultConfigurationName = Release;
		};
		8ACD5B3927525D8C0068AB70 /* Build configuration list for PBXNativeTarget "Lucas LearningUITests" */ = {
			isa = XCConfigurationList;
			buildConfigurations = (
				8ACD5B3A27525D8C0068AB70 /* Debug */,
				8ACD5B3B27525D8C0068AB70 /* Release */,
			);
			defaultConfigurationIsVisible = 0;
			defaultConfigurationName = Release;
		};
/* End XCConfigurationList section */
	};
	rootObject = 8ACD5B0127525D890068AB70 /* Project object */;
}
